// !$*UTF8*$!
{
	archiveVersion = 1;
	classes = {
	};
	objectVersion = 46;
	objects = {

/* Begin PBXBuildFile section */
		1E77A409197D25460028CA9F /* main.m in Sources */ = {isa = PBXBuildFile; fileRef = 1E77A408197D25460028CA9F /* main.m */; };
		1E77A40C197D25460028CA9F /* AppDelegate.m in Sources */ = {isa = PBXBuildFile; fileRef = 1E77A40B197D25460028CA9F /* AppDelegate.m */; };
		1E77A40F197D25460028CA9F /* ViewController.m in Sources */ = {isa = PBXBuildFile; fileRef = 1E77A40E197D25460028CA9F /* ViewController.m */; };
		1E77A412197D25460028CA9F /* Main.storyboard in Resources */ = {isa = PBXBuildFile; fileRef = 1E77A410197D25460028CA9F /* Main.storyboard */; };
		1E77A414197D25460028CA9F /* Images.xcassets in Resources */ = {isa = PBXBuildFile; fileRef = 1E77A413197D25460028CA9F /* Images.xcassets */; };
		1E77A420197D25470028CA9F /* JYTextFieldDemoTests.m in Sources */ = {isa = PBXBuildFile; fileRef = 1E77A41F197D25470028CA9F /* JYTextFieldDemoTests.m */; };
		1E77A42E197D25550028CA9F /* JYTextField.m in Sources */ = {isa = PBXBuildFile; fileRef = 1E77A42B197D25550028CA9F /* JYTextField.m */; };
		1E77A42F197D25550028CA9F /* WTReParser.m in Sources */ = {isa = PBXBuildFile; fileRef = 1E77A42D197D25550028CA9F /* WTReParser.m */; };
/* End PBXBuildFile section */

/* Begin PBXContainerItemProxy section */
		1E77A41A197D25470028CA9F /* PBXContainerItemProxy */ = {
			isa = PBXContainerItemProxy;
			containerPortal = 1E77A3FB197D25460028CA9F /* Project object */;
			proxyType = 1;
			remoteGlobalIDString = 1E77A402197D25460028CA9F;
			remoteInfo = JYTextFieldDemo;
		};
/* End PBXContainerItemProxy section */

/* Begin PBXFileReference section */
		1E77A403197D25460028CA9F /* JYTextFieldDemo.app */ = {isa = PBXFileReference; explicitFileType = wrapper.application; includeInIndex = 0; path = JYTextFieldDemo.app; sourceTree = BUILT_PRODUCTS_DIR; };
		1E77A407197D25460028CA9F /* Info.plist */ = {isa = PBXFileReference; lastKnownFileType = text.plist.xml; path = Info.plist; sourceTree = "<group>"; };
		1E77A408197D25460028CA9F /* main.m */ = {isa = PBXFileReference; lastKnownFileType = sourcecode.c.objc; path = main.m; sourceTree = "<group>"; };
		1E77A40A197D25460028CA9F /* AppDelegate.h */ = {isa = PBXFileReference; lastKnownFileType = sourcecode.c.h; path = AppDelegate.h; sourceTree = "<group>"; };
		1E77A40B197D25460028CA9F /* AppDelegate.m */ = {isa = PBXFileReference; lastKnownFileType = sourcecode.c.objc; path = AppDelegate.m; sourceTree = "<group>"; };
		1E77A40D197D25460028CA9F /* ViewController.h */ = {isa = PBXFileReference; lastKnownFileType = sourcecode.c.h; path = ViewController.h; sourceTree = "<group>"; };
		1E77A40E197D25460028CA9F /* ViewController.m */ = {isa = PBXFileReference; lastKnownFileType = sourcecode.c.objc; path = ViewController.m; sourceTree = "<group>"; };
		1E77A411197D25460028CA9F /* Base */ = {isa = PBXFileReference; lastKnownFileType = file.storyboard; name = Base; path = Base.lproj/Main.storyboard; sourceTree = "<group>"; };
		1E77A413197D25460028CA9F /* Images.xcassets */ = {isa = PBXFileReference; lastKnownFileType = folder.assetcatalog; path = Images.xcassets; sourceTree = "<group>"; };
		1E77A419197D25470028CA9F /* JYTextFieldDemoTests.xctest */ = {isa = PBXFileReference; explicitFileType = wrapper.cfbundle; includeInIndex = 0; path = JYTextFieldDemoTests.xctest; sourceTree = BUILT_PRODUCTS_DIR; };
		1E77A41E197D25470028CA9F /* Info.plist */ = {isa = PBXFileReference; lastKnownFileType = text.plist.xml; path = Info.plist; sourceTree = "<group>"; };
		1E77A41F197D25470028CA9F /* JYTextFieldDemoTests.m */ = {isa = PBXFileReference; lastKnownFileType = sourcecode.c.objc; path = JYTextFieldDemoTests.m; sourceTree = "<group>"; };
		1E77A42A197D25550028CA9F /* JYTextField.h */ = {isa = PBXFileReference; fileEncoding = 4; lastKnownFileType = sourcecode.c.h; path = JYTextField.h; sourceTree = "<group>"; };
		1E77A42B197D25550028CA9F /* JYTextField.m */ = {isa = PBXFileReference; fileEncoding = 4; lastKnownFileType = sourcecode.c.objc; path = JYTextField.m; sourceTree = "<group>"; };
		1E77A42C197D25550028CA9F /* WTReParser.h */ = {isa = PBXFileReference; fileEncoding = 4; lastKnownFileType = sourcecode.c.h; path = WTReParser.h; sourceTree = "<group>"; };
		1E77A42D197D25550028CA9F /* WTReParser.m */ = {isa = PBXFileReference; fileEncoding = 4; lastKnownFileType = sourcecode.c.objc; path = WTReParser.m; sourceTree = "<group>"; };
/* End PBXFileReference section */

/* Begin PBXFrameworksBuildPhase section */
		1E77A400197D25460028CA9F /* Frameworks */ = {
			isa = PBXFrameworksBuildPhase;
			buildActionMask = 2147483647;
			files = (
			);
			runOnlyForDeploymentPostprocessing = 0;
		};
		1E77A416197D25470028CA9F /* Frameworks */ = {
			isa = PBXFrameworksBuildPhase;
			buildActionMask = 2147483647;
			files = (
			);
			runOnlyForDeploymentPostprocessing = 0;
		};
/* End PBXFrameworksBuildPhase section */

/* Begin PBXGroup section */
		1E77A3FA197D25460028CA9F = {
			isa = PBXGroup;
			children = (
				1E77A405197D25460028CA9F /* JYTextFieldDemo */,
				1E77A41C197D25470028CA9F /* JYTextFieldDemoTests */,
				1E77A404197D25460028CA9F /* Products */,
			);
			sourceTree = "<group>";
		};
		1E77A404197D25460028CA9F /* Products */ = {
			isa = PBXGroup;
			children = (
				1E77A403197D25460028CA9F /* JYTextFieldDemo.app */,
				1E77A419197D25470028CA9F /* JYTextFieldDemoTests.xctest */,
			);
			name = Products;
			sourceTree = "<group>";
		};
		1E77A405197D25460028CA9F /* JYTextFieldDemo */ = {
			isa = PBXGroup;
			children = (
				1E77A429197D25550028CA9F /* JYTextField */,
				1E77A40A197D25460028CA9F /* AppDelegate.h */,
				1E77A40B197D25460028CA9F /* AppDelegate.m */,
				1E77A40D197D25460028CA9F /* ViewController.h */,
				1E77A40E197D25460028CA9F /* ViewController.m */,
				1E77A410197D25460028CA9F /* Main.storyboard */,
				1E77A413197D25460028CA9F /* Images.xcassets */,
				1E77A406197D25460028CA9F /* Supporting Files */,
			);
			path = JYTextFieldDemo;
			sourceTree = "<group>";
		};
		1E77A406197D25460028CA9F /* Supporting Files */ = {
			isa = PBXGroup;
			children = (
				1E77A407197D25460028CA9F /* Info.plist */,
				1E77A408197D25460028CA9F /* main.m */,
			);
			name = "Supporting Files";
			sourceTree = "<group>";
		};
		1E77A41C197D25470028CA9F /* JYTextFieldDemoTests */ = {
			isa = PBXGroup;
			children = (
				1E77A41F197D25470028CA9F /* JYTextFieldDemoTests.m */,
				1E77A41D197D25470028CA9F /* Supporting Files */,
			);
			path = JYTextFieldDemoTests;
			sourceTree = "<group>";
		};
		1E77A41D197D25470028CA9F /* Supporting Files */ = {
			isa = PBXGroup;
			children = (
				1E77A41E197D25470028CA9F /* Info.plist */,
			);
			name = "Supporting Files";
			sourceTree = "<group>";
		};
		1E77A429197D25550028CA9F /* JYTextField */ = {
			isa = PBXGroup;
			children = (
				1E77A42A197D25550028CA9F /* JYTextField.h */,
				1E77A42B197D25550028CA9F /* JYTextField.m */,
				1E77A42C197D25550028CA9F /* WTReParser.h */,
				1E77A42D197D25550028CA9F /* WTReParser.m */,
			);
			path = JYTextField;
			sourceTree = SOURCE_ROOT;
		};
/* End PBXGroup section */

/* Begin PBXNativeTarget section */
		1E77A402197D25460028CA9F /* JYTextFieldDemo */ = {
			isa = PBXNativeTarget;
			buildConfigurationList = 1E77A423197D25470028CA9F /* Build configuration list for PBXNativeTarget "JYTextFieldDemo" */;
			buildPhases = (
				1E77A3FF197D25460028CA9F /* Sources */,
				1E77A400197D25460028CA9F /* Frameworks */,
				1E77A401197D25460028CA9F /* Resources */,
			);
			buildRules = (
			);
			dependencies = (
			);
			name = JYTextFieldDemo;
			productName = JYTextFieldDemo;
			productReference = 1E77A403197D25460028CA9F /* JYTextFieldDemo.app */;
			productType = "com.apple.product-type.application";
		};
		1E77A418197D25470028CA9F /* JYTextFieldDemoTests */ = {
			isa = PBXNativeTarget;
			buildConfigurationList = 1E77A426197D25470028CA9F /* Build configuration list for PBXNativeTarget "JYTextFieldDemoTests" */;
			buildPhases = (
				1E77A415197D25470028CA9F /* Sources */,
				1E77A416197D25470028CA9F /* Frameworks */,
				1E77A417197D25470028CA9F /* Resources */,
			);
			buildRules = (
			);
			dependencies = (
				1E77A41B197D25470028CA9F /* PBXTargetDependency */,
			);
			name = JYTextFieldDemoTests;
			productName = JYTextFieldDemoTests;
			productReference = 1E77A419197D25470028CA9F /* JYTextFieldDemoTests.xctest */;
			productType = "com.apple.product-type.bundle.unit-test";
		};
/* End PBXNativeTarget section */

/* Begin PBXProject section */
		1E77A3FB197D25460028CA9F /* Project object */ = {
			isa = PBXProject;
			attributes = {
				LastUpgradeCheck = 0600;
				ORGANIZATIONNAME = ShareMerge;
				TargetAttributes = {
					1E77A402197D25460028CA9F = {
						CreatedOnToolsVersion = 6.0;
					};
					1E77A418197D25470028CA9F = {
						CreatedOnToolsVersion = 6.0;
						TestTargetID = 1E77A402197D25460028CA9F;
					};
				};
			};
			buildConfigurationList = 1E77A3FE197D25460028CA9F /* Build configuration list for PBXProject "JYTextFieldDemo" */;
			compatibilityVersion = "Xcode 3.2";
			developmentRegion = English;
			hasScannedForEncodings = 0;
			knownRegions = (
				en,
				Base,
			);
			mainGroup = 1E77A3FA197D25460028CA9F;
			productRefGroup = 1E77A404197D25460028CA9F /* Products */;
			projectDirPath = "";
			projectRoot = "";
			targets = (
				1E77A402197D25460028CA9F /* JYTextFieldDemo */,
				1E77A418197D25470028CA9F /* JYTextFieldDemoTests */,
			);
		};
/* End PBXProject section */

/* Begin PBXResourcesBuildPhase section */
		1E77A401197D25460028CA9F /* Resources */ = {
			isa = PBXResourcesBuildPhase;
			buildActionMask = 2147483647;
			files = (
				1E77A412197D25460028CA9F /* Main.storyboard in Resources */,
				1E77A414197D25460028CA9F /* Images.xcassets in Resources */,
			);
			runOnlyForDeploymentPostprocessing = 0;
		};
		1E77A417197D25470028CA9F /* Resources */ = {
			isa = PBXResourcesBuildPhase;
			buildActionMask = 2147483647;
			files = (
			);
			runOnlyForDeploymentPostprocessing = 0;
		};
/* End PBXResourcesBuildPhase section */

/* Begin PBXSourcesBuildPhase section */
		1E77A3FF197D25460028CA9F /* Sources */ = {
			isa = PBXSourcesBuildPhase;
			buildActionMask = 2147483647;
			files = (
				1E77A42E197D25550028CA9F /* JYTextField.m in Sources */,
				1E77A40F197D25460028CA9F /* ViewController.m in Sources */,
				1E77A40C197D25460028CA9F /* AppDelegate.m in Sources */,
				1E77A42F197D25550028CA9F /* WTReParser.m in Sources */,
				1E77A409197D25460028CA9F /* main.m in Sources */,
			);
			runOnlyForDeploymentPostprocessing = 0;
		};
		1E77A415197D25470028CA9F /* Sources */ = {
			isa = PBXSourcesBuildPhase;
			buildActionMask = 2147483647;
			files = (
				1E77A420197D25470028CA9F /* JYTextFieldDemoTests.m in Sources */,
			);
			runOnlyForDeploymentPostprocessing = 0;
		};
/* End PBXSourcesBuildPhase section */

/* Begin PBXTargetDependency section */
		1E77A41B197D25470028CA9F /* PBXTargetDependency */ = {
			isa = PBXTargetDependency;
			target = 1E77A402197D25460028CA9F /* JYTextFieldDemo */;
			targetProxy = 1E77A41A197D25470028CA9F /* PBXContainerItemProxy */;
		};
/* End PBXTargetDependency section */

/* Begin PBXVariantGroup section */
		1E77A410197D25460028CA9F /* Main.storyboard */ = {
			isa = PBXVariantGroup;
			children = (
				1E77A411197D25460028CA9F /* Base */,
			);
			name = Main.storyboard;
			sourceTree = "<group>";
		};
/* End PBXVariantGroup section */

/* Begin XCBuildConfiguration section */
		1E77A421197D25470028CA9F /* Debug */ = {
			isa = XCBuildConfiguration;
			buildSettings = {
				ALWAYS_SEARCH_USER_PATHS = NO;
				CLANG_CXX_LANGUAGE_STANDARD = "gnu++0x";
				CLANG_CXX_LIBRARY = "libc++";
				CLANG_ENABLE_MODULES = YES;
				CLANG_ENABLE_OBJC_ARC = YES;
				CLANG_WARN_BOOL_CONVERSION = YES;
				CLANG_WARN_CONSTANT_CONVERSION = YES;
				CLANG_WARN_DIRECT_OBJC_ISA_USAGE = YES_ERROR;
				CLANG_WARN_EMPTY_BODY = YES;
				CLANG_WARN_ENUM_CONVERSION = YES;
				CLANG_WARN_INT_CONVERSION = YES;
				CLANG_WARN_OBJC_ROOT_CLASS = YES_ERROR;
				CLANG_WARN_UNREACHABLE_CODE = YES;
				CLANG_WARN__DUPLICATE_METHOD_MATCH = YES;
				"CODE_SIGN_IDENTITY[sdk=iphoneos*]" = "iPhone Developer";
				COPY_PHASE_STRIP = NO;
				ENABLE_STRICT_OBJC_MSGSEND = YES;
				GCC_C_LANGUAGE_STANDARD = gnu99;
				GCC_DYNAMIC_NO_PIC = NO;
				GCC_OPTIMIZATION_LEVEL = 0;
				GCC_PREPROCESSOR_DEFINITIONS = (
					"DEBUG=1",
					"$(inherited)",
				);
				GCC_SYMBOLS_PRIVATE_EXTERN = NO;
				GCC_WARN_64_TO_32_BIT_CONVERSION = YES;
				GCC_WARN_ABOUT_RETURN_TYPE = YES_ERROR;
				GCC_WARN_UNDECLARED_SELECTOR = YES;
				GCC_WARN_UNINITIALIZED_AUTOS = YES_AGGRESSIVE;
				GCC_WARN_UNUSED_FUNCTION = YES;
				GCC_WARN_UNUSED_VARIABLE = YES;
				IPHONEOS_DEPLOYMENT_TARGET = 8.0;
				METAL_ENABLE_DEBUG_INFO = YES;
				ONLY_ACTIVE_ARCH = YES;
				SDKROOT = iphoneos;
			};
			name = Debug;
		};
		1E77A422197D25470028CA9F /* Release */ = {
			isa = XCBuildConfiguration;
			buildSettings = {
				ALWAYS_SEARCH_USER_PATHS = NO;
				CLANG_CXX_LANGUAGE_STANDARD = "gnu++0x";
				CLANG_CXX_LIBRARY = "libc++";
				CLANG_ENABLE_MODULES = YES;
				CLANG_ENABLE_OBJC_ARC = YES;
				CLANG_WARN_BOOL_CONVERSION = YES;
				CLANG_WARN_CONSTANT_CONVERSION = YES;
				CLANG_WARN_DIRECT_OBJC_ISA_USAGE = YES_ERROR;
				CLANG_WARN_EMPTY_BODY = YES;
				CLANG_WARN_ENUM_CONVERSION = YES;
				CLANG_WARN_INT_CONVERSION = YES;
				CLANG_WARN_OBJC_ROOT_CLASS = YES_ERROR;
				CLANG_WARN_UNREACHABLE_CODE = YES;
				CLANG_WARN__DUPLICATE_METHOD_MATCH = YES;
				"CODE_SIGN_IDENTITY[sdk=iphoneos*]" = "iPhone Developer";
				COPY_PHASE_STRIP = YES;
				ENABLE_NS_ASSERTIONS = NO;
				ENABLE_STRICT_OBJC_MSGSEND = YES;
				GCC_C_LANGUAGE_STANDARD = gnu99;
				GCC_WARN_64_TO_32_BIT_CONVERSION = YES;
				GCC_WARN_ABOUT_RETURN_TYPE = YES_ERROR;
				GCC_WARN_UNDECLARED_SELECTOR = YES;
				GCC_WARN_UNINITIALIZED_AUTOS = YES_AGGRESSIVE;
				GCC_WARN_UNUSED_FUNCTION = YES;
				GCC_WARN_UNUSED_VARIABLE = YES;
				IPHONEOS_DEPLOYMENT_TARGET = 8.0;
				METAL_ENABLE_DEBUG_INFO = NO;
				SDKROOT = iphoneos;
				VALIDATE_PRODUCT = YES;
			};
			name = Release;
		};
		1E77A424197D25470028CA9F /* Debug */ = {
			isa = XCBuildConfiguration;
			buildSettings = {
				ASSETCATALOG_COMPILER_APPICON_NAME = AppIcon;
				ASSETCATALOG_COMPILER_LAUNCHIMAGE_NAME = LaunchImage;
				INFOPLIST_FILE = JYTextFieldDemo/Info.plist;
				IPHONEOS_DEPLOYMENT_TARGET = 7.0;
				LD_RUNPATH_SEARCH_PATHS = "$(inherited) @executable_path/Frameworks";
				PRODUCT_NAME = "$(TARGET_NAME)";
			};
			name = Debug;
		};
		1E77A425197D25470028CA9F /* Release */ = {
			isa = XCBuildConfiguration;
			buildSettings = {
				ASSETCATALOG_COMPILER_APPICON_NAME = AppIcon;
				ASSETCATALOG_COMPILER_LAUNCHIMAGE_NAME = LaunchImage;
				INFOPLIST_FILE = JYTextFieldDemo/Info.plist;
				IPHONEOS_DEPLOYMENT_TARGET = 7.0;
				LD_RUNPATH_SEARCH_PATHS = "$(inherited) @executable_path/Frameworks";
				PRODUCT_NAME = "$(TARGET_NAME)";
			};
			name = Release;
		};
		1E77A427197D25470028CA9F /* Debug */ = {
			isa = XCBuildConfiguration;
			buildSettings = {
				BUNDLE_LOADER = "$(BUILT_PRODUCTS_DIR)/JYTextFieldDemo.app/JYTextFieldDemo";
				FRAMEWORK_SEARCH_PATHS = (
					"$(SDKROOT)/Developer/Library/Frameworks",
					"$(inherited)",
				);
				GCC_PREPROCESSOR_DEFINITIONS = (
					"DEBUG=1",
					"$(inherited)",
				);
				INFOPLIST_FILE = JYTextFieldDemoTests/Info.plist;
				LD_RUNPATH_SEARCH_PATHS = "$(inherited) @executable_path/Frameworks @loader_path/Frameworks";
				METAL_ENABLE_DEBUG_INFO = YES;
				PRODUCT_NAME = "$(TARGET_NAME)";
				TEST_HOST = "$(BUNDLE_LOADER)";
			};
			name = Debug;
		};
		1E77A428197D25470028CA9F /* Release */ = {
			isa = XCBuildConfiguration;
			buildSettings = {
				BUNDLE_LOADER = "$(BUILT_PRODUCTS_DIR)/JYTextFieldDemo.app/JYTextFieldDemo";
				FRAMEWORK_SEARCH_PATHS = (
					"$(SDKROOT)/Developer/Library/Frameworks",
					"$(inherited)",
				);
				INFOPLIST_FILE = JYTextFieldDemoTests/Info.plist;
				LD_RUNPATH_SEARCH_PATHS = "$(inherited) @executable_path/Frameworks @loader_path/Frameworks";
				METAL_ENABLE_DEBUG_INFO = NO;
				PRODUCT_NAME = "$(TARGET_NAME)";
				TEST_HOST = "$(BUNDLE_LOADER)";
			};
			name = Release;
		};
/* End XCBuildConfiguration section */

/* Begin XCConfigurationList section */
		1E77A3FE197D25460028CA9F /* Build configuration list for PBXProject "JYTextFieldDemo" */ = {
			isa = XCConfigurationList;
			buildConfigurations = (
				1E77A421197D25470028CA9F /* Debug */,
				1E77A422197D25470028CA9F /* Release */,
			);
			defaultConfigurationIsVisible = 0;
			defaultConfigurationName = Release;
		};
		1E77A423197D25470028CA9F /* Build configuration list for PBXNativeTarget "JYTextFieldDemo" */ = {
			isa = XCConfigurationList;
			buildConfigurations = (
				1E77A424197D25470028CA9F /* Debug */,
				1E77A425197D25470028CA9F /* Release */,
			);
			defaultConfigurationIsVisible = 0;
		};
		1E77A426197D25470028CA9F /* Build configuration list for PBXNativeTarget "JYTextFieldDemoTests" */ = {
			isa = XCConfigurationList;
			buildConfigurations = (
				1E77A427197D25470028CA9F /* Debug */,
				1E77A428197D25470028CA9F /* Release */,
			);
			defaultConfigurationIsVisible = 0;
		};
/* End XCConfigurationList section */
	};
	rootObject = 1E77A3FB197D25460028CA9F /* Project object */;
}
